
Microsoft Visual Studio Solution File, Format Version 12.00
# Visual Studio Version 16
VisualStudioVersion = 16.0.29123.88
MinimumVisualStudioVersion = 10.0.40219.1
Project("{FAE04EC0-301F-11D3-BF4B-00C04F79EFBC}") = "Projeto GitTest", "Projeto GitTest\Projeto GitTest.csproj", "{D7C7413E-A125-4B63-B936-F6F090C35723}"
EndProject
Global
	GlobalSection(SolutionConfigurationPlatforms) = preSolution
		Debug|Any CPU = Debug|Any CPU
		Release|Any CPU = Release|Any CPU
	EndGlobalSection
	GlobalSection(ProjectConfigurationPlatforms) = postSolution
		{D7C7413E-A125-4B63-B936-F6F090C35723}.Debug|Any CPU.ActiveCfg = Debug|Any CPU
		{D7C7413E-A125-4B63-B936-F6F090C35723}.Debug|Any CPU.Build.0 = Debug|Any CPU
		{D7C7413E-A125-4B63-B936-F6F090C35723}.Release|Any CPU.ActiveCfg = Release|Any CPU
		{D7C7413E-A125-4B63-B936-F6F090C35723}.Release|Any CPU.Build.0 = Release|Any CPU
	EndGlobalSection
	GlobalSection(SolutionProperties) = preSolution
		HideSolutionNode = FALSE
	EndGlobalSection
	GlobalSection(ExtensibilityGlobals) = postSolution
		SolutionGuid = {D415C90A-FA19-4D7D-833B-5BEB8CD19AE9}
	EndGlobalSection
EndGlobal
